# This file is automatically @generated by Cargo.
# It is not intended for manual editing.
version = 3

[[package]]
name = "authentication"
version = "0.1.0"
dependencies = [
 "utils",
]

[[package]]
name = "cmd"
version = "0.1.0"
dependencies = [
 "authentication",
 "hang_logic",
 "utils",
]

[[package]]
name = "hang_logic"
version = "0.1.0"
dependencies = [
 "utils",
]

[[package]]
name = "utils"
version = "0.1.0"
